
Microsoft Visual Studio Solution File, Format Version 12.00
# Visual Studio Version 16
VisualStudioVersion = 16.0.30804.86
MinimumVisualStudioVersion = 10.0.40219.1
Project("{FAE04EC0-301F-11D3-BF4B-00C04F79EFBC}") = "ExampleDate", "ExampleDate\ExampleDate.csproj", "{70664C13-80CC-46C8-94B2-15EC0B146286}"
EndProject
Global
	GlobalSection(SolutionConfigurationPlatforms) = preSolution
		Debug|Any CPU = Debug|Any CPU
		Release|Any CPU = Release|Any CPU
	EndGlobalSection
	GlobalSection(ProjectConfigurationPlatforms) = postSolution
		{70664C13-80CC-46C8-94B2-15EC0B146286}.Debug|Any CPU.ActiveCfg = Debug|Any CPU
		{70664C13-80CC-46C8-94B2-15EC0B146286}.Debug|Any CPU.Build.0 = Debug|Any CPU
		{70664C13-80CC-46C8-94B2-15EC0B146286}.Release|Any CPU.ActiveCfg = Release|Any CPU
		{70664C13-80CC-46C8-94B2-15EC0B146286}.Release|Any CPU.Build.0 = Release|Any CPU
	EndGlobalSection
	GlobalSection(SolutionProperties) = preSolution
		HideSolutionNode = FALSE
	EndGlobalSection
	GlobalSection(ExtensibilityGlobals) = postSolution
		SolutionGuid = {DC04D5E9-ED5B-4D84-9C33-E6A586C07F80}
	EndGlobalSection
EndGlobal
